
Microsoft Visual Studio Solution File, Format Version 12.00
# Visual Studio 15
VisualStudioVersion = 15.0.27130.2036
MinimumVisualStudioVersion = 10.0.40219.1
Project("{FAE04EC0-301F-11D3-BF4B-00C04F79EFBC}") = "PRACT", "PRACT\PRACT.csproj", "{70593D27-FE37-4CAC-811D-2FFCE4C9F264}"
EndProject
Global
	GlobalSection(SolutionConfigurationPlatforms) = preSolution
		Debug|Any CPU = Debug|Any CPU
		Release|Any CPU = Release|Any CPU
	EndGlobalSection
	GlobalSection(ProjectConfigurationPlatforms) = postSolution
		{70593D27-FE37-4CAC-811D-2FFCE4C9F264}.Debug|Any CPU.ActiveCfg = Debug|Any CPU
		{70593D27-FE37-4CAC-811D-2FFCE4C9F264}.Debug|Any CPU.Build.0 = Debug|Any CPU
		{70593D27-FE37-4CAC-811D-2FFCE4C9F264}.Release|Any CPU.ActiveCfg = Release|Any CPU
		{70593D27-FE37-4CAC-811D-2FFCE4C9F264}.Release|Any CPU.Build.0 = Release|Any CPU
	EndGlobalSection
	GlobalSection(SolutionProperties) = preSolution
		HideSolutionNode = FALSE
	EndGlobalSection
	GlobalSection(ExtensibilityGlobals) = postSolution
		SolutionGuid = {71989A62-F068-428C-87C0-6E3E647907F5}
	EndGlobalSection
EndGlobal
